
Microsoft Visual Studio Solution File, Format Version 12.00
# Visual Studio Version 17
VisualStudioVersion = 17.5.002.0
MinimumVisualStudioVersion = 10.0.40219.1
Project("{9A19103F-16F7-4668-BE54-9A1E7A4F7556}") = "az-func-eg-eh-sb-stg", "az-func-eg-eh-sb-stg.csproj", "{8298C6CB-CE7E-45B2-96F9-AC8D3132F26D}"
EndProject
Global
	GlobalSection(SolutionConfigurationPlatforms) = preSolution
		Debug|Any CPU = Debug|Any CPU
		Release|Any CPU = Release|Any CPU
	EndGlobalSection
	GlobalSection(ProjectConfigurationPlatforms) = postSolution
		{8298C6CB-CE7E-45B2-96F9-AC8D3132F26D}.Debug|Any CPU.ActiveCfg = Debug|Any CPU
		{8298C6CB-CE7E-45B2-96F9-AC8D3132F26D}.Debug|Any CPU.Build.0 = Debug|Any CPU
		{8298C6CB-CE7E-45B2-96F9-AC8D3132F26D}.Release|Any CPU.ActiveCfg = Release|Any CPU
		{8298C6CB-CE7E-45B2-96F9-AC8D3132F26D}.Release|Any CPU.Build.0 = Release|Any CPU
	EndGlobalSection
	GlobalSection(SolutionProperties) = preSolution
		HideSolutionNode = FALSE
	EndGlobalSection
	GlobalSection(ExtensibilityGlobals) = postSolution
		SolutionGuid = {15F8A9EC-D912-4024-AF82-FED5B3627254}
	EndGlobalSection
EndGlobal
